Microsoft Visual Studio Solution File, Format Version 12.00
# Visual Studio 2012
Project("{FAE04EC0-301F-11D3-BF4B-00C04F79EFBC}") = "MarKuro", "MarKuro.csproj", "{B0F301E9-A815-4DD0-9BF5-2B503DFA6D4C}"
EndProject
Global
	GlobalSection(SolutionConfigurationPlatforms) = preSolution
	Debug|Any CPU = Debug|Any CPU
	ExportDebug|Any CPU = ExportDebug|Any CPU
	ExportRelease|Any CPU = ExportRelease|Any CPU
	EndGlobalSection
	GlobalSection(ProjectConfigurationPlatforms) = postSolution
		{B0F301E9-A815-4DD0-9BF5-2B503DFA6D4C}.Debug|Any CPU.ActiveCfg = Debug|Any CPU
		{B0F301E9-A815-4DD0-9BF5-2B503DFA6D4C}.Debug|Any CPU.Build.0 = Debug|Any CPU
		{B0F301E9-A815-4DD0-9BF5-2B503DFA6D4C}.ExportDebug|Any CPU.ActiveCfg = ExportDebug|Any CPU
		{B0F301E9-A815-4DD0-9BF5-2B503DFA6D4C}.ExportDebug|Any CPU.Build.0 = ExportDebug|Any CPU
		{B0F301E9-A815-4DD0-9BF5-2B503DFA6D4C}.ExportRelease|Any CPU.ActiveCfg = ExportRelease|Any CPU
		{B0F301E9-A815-4DD0-9BF5-2B503DFA6D4C}.ExportRelease|Any CPU.Build.0 = ExportRelease|Any CPU
	EndGlobalSection
EndGlobal
